{
  "name": "actus-ember",
  "version": "0.3.0-alpha.5",
  "lockfileVersion": 1,
  "requires": true,
  "dependencies": {
    "actus": {
      "version": "0.4.0-alpha.0",
      "resolved": "https://registry.npmjs.org/actus/-/actus-0.4.0-alpha.0.tgz",
      "integrity": "sha512-oitVnvq3ZwYfKwwKWlSCt9WZ0ONHkAHIN8Uf0vTV/i9MkXwgJVWLOv2/Q98Go2imS2lSAi8/kDhJ13/LCwaXqQ==",
      "requires": {
        "deep-freeze": "0.0.1",
        "deep-object-diff": "^1.1.0",
        "ramda": "^0.27.1"
      }
    },
    "deep-freeze": {
      "version": "0.0.1",
      "resolved": "https://registry.npmjs.org/deep-freeze/-/deep-freeze-0.0.1.tgz",
      "integrity": "sha1-OgsABd4YZygZ39OM0x+RF5yJPoQ="
    },
    "deep-object-diff": {
      "version": "1.1.0",
      "resolved": "https://registry.npmjs.org/deep-object-diff/-/deep-object-diff-1.1.0.tgz",
      "integrity": "sha512-b+QLs5vHgS+IoSNcUE4n9HP2NwcHj7aqnJWsjPtuG75Rh5TOaGt0OjAYInh77d5T16V5cRDC+Pw/6ZZZiETBGw=="
    },
    "is-plain-obj": {
      "version": "2.1.0",
      "resolved": "https://registry.npmjs.org/is-plain-obj/-/is-plain-obj-2.1.0.tgz",
      "integrity": "sha512-YWnfyRwxL/+SsrWYfOpUtz5b3YD+nyfkHvjbcanzk8zgyO4ASD67uVMRt8k5bM4lLMDnXfriRhOpemw+NfT1eA=="
    },
    "ramda": {
      "version": "0.27.1",
      "resolved": "https://registry.npmjs.org/ramda/-/ramda-0.27.1.tgz",
      "integrity": "sha512-PgIdVpn5y5Yns8vqb8FzBUEYn98V3xcPgawAkkgj0YJ0qDsnHCiNmZYfOGMgOvoB0eWFLpYbhxUR3mxfDIMvpw=="
    }
  }
}
