{
  "name": "actus-ember",
  "version": "0.0.1-alpha.1",
  "lockfileVersion": 1,
  "requires": true,
  "dependencies": {
    "actus": {
      "version": "0.2.0-alpha.2",
      "resolved": "https://registry.npmjs.org/actus/-/actus-0.2.0-alpha.2.tgz",
      "integrity": "sha512-ecMDDc50m90+BMBOzPQctZMgjMxUDNFEhyHuQ3FYheUMBgC4b1ZMtwrrxPGqM9yhmbR8STK4lU2ktrd/YFX92g==",
      "requires": {
        "ramda": "^0.27.0"
      }
    },
    "actus-default-actions": {
      "version": "0.1.0-alpha.0",
      "resolved": "https://registry.npmjs.org/actus-default-actions/-/actus-default-actions-0.1.0-alpha.0.tgz",
      "integrity": "sha512-+hjk8i64wtmrKCIiX55mcfLnh3SnWnTMBGlAPK0fLF6digyEhA/sUubPbgSQ6pEwCZAwAtmlLMa/ScG10g1LAg==",
      "requires": {
        "ramda": "^0.27.0"
      }
    },
    "actus-logger": {
      "version": "0.2.0-alpha.0",
      "resolved": "https://registry.npmjs.org/actus-logger/-/actus-logger-0.2.0-alpha.0.tgz",
      "integrity": "sha512-QC/eQA4CbqnxswwkfJpxKvk+/G9yKLH8hF2m/hef4yX1XLkfTAGTtfcRrnDu6RSNJyqDaZCw5KSL/sgSRMHB5A==",
      "requires": {
        "deep-object-diff": "^1.1.0"
      }
    },
    "deep-freeze": {
      "version": "0.0.1",
      "resolved": "https://registry.npmjs.org/deep-freeze/-/deep-freeze-0.0.1.tgz",
      "integrity": "sha1-OgsABd4YZygZ39OM0x+RF5yJPoQ="
    },
    "deep-object-diff": {
      "version": "1.1.0",
      "resolved": "https://registry.npmjs.org/deep-object-diff/-/deep-object-diff-1.1.0.tgz",
      "integrity": "sha512-b+QLs5vHgS+IoSNcUE4n9HP2NwcHj7aqnJWsjPtuG75Rh5TOaGt0OjAYInh77d5T16V5cRDC+Pw/6ZZZiETBGw=="
    },
    "ramda": {
      "version": "0.27.0",
      "resolved": "https://registry.npmjs.org/ramda/-/ramda-0.27.0.tgz",
      "integrity": "sha512-pVzZdDpWwWqEVVLshWUHjNwuVP7SfcmPraYuqocJp1yo2U1R7P+5QAfDhdItkuoGqIBnBYrtPp7rEPqDn9HlZA=="
    }
  }
}
